// !$*UTF8*$!
{
	archiveVersion = 1;
	classes = {
	};
	objectVersion = 46;
	objects = {

/* Begin PBXBuildFile section */
		321122301D3E70A10096407B /* ReadableColors.swift in Sources */ = {isa = PBXBuildFile; fileRef = 3211222F1D3E70A10096407B /* ReadableColors.swift */; };
		32D417B01D3BC4EB00253CF2 /* AppDelegate.swift in Sources */ = {isa = PBXBuildFile; fileRef = 32D417AF1D3BC4EB00253CF2 /* AppDelegate.swift */; };
		32D417B21D3BC4EB00253CF2 /* ViewController.swift in Sources */ = {isa = PBXBuildFile; fileRef = 32D417B11D3BC4EB00253CF2 /* ViewController.swift */; };
		32D417B51D3BC4EB00253CF2 /* Main.storyboard in Resources */ = {isa = PBXBuildFile; fileRef = 32D417B31D3BC4EB00253CF2 /* Main.storyboard */; };
		32D417B71D3BC4EB00253CF2 /* Assets.xcassets in Resources */ = {isa = PBXBuildFile; fileRef = 32D417B61D3BC4EB00253CF2 /* Assets.xcassets */; };
		32D417BA1D3BC4EB00253CF2 /* LaunchScreen.storyboard in Resources */ = {isa = PBXBuildFile; fileRef = 32D417B81D3BC4EB00253CF2 /* LaunchScreen.storyboard */; };
		32D417C21D3BCD7D00253CF2 /* ViewControllerOptions.swift in Sources */ = {isa = PBXBuildFile; fileRef = 32D417C11D3BCD7D00253CF2 /* ViewControllerOptions.swift */; };
		32D417C41D3BCD8E00253CF2 /* ViewControllerAbout.swift in Sources */ = {isa = PBXBuildFile; fileRef = 32D417C31D3BCD8E00253CF2 /* ViewControllerAbout.swift */; };
/* End PBXBuildFile section */

/* Begin PBXFileReference section */
		3211222F1D3E70A10096407B /* ReadableColors.swift */ = {isa = PBXFileReference; explicitFileType = sourcecode.swift; fileEncoding = 4; path = ReadableColors.swift; sourceTree = "<group>"; };
		32D417AC1D3BC4EB00253CF2 /* Readable Colors.app */ = {isa = PBXFileReference; explicitFileType = wrapper.application; includeInIndex = 0; path = "Readable Colors.app"; sourceTree = BUILT_PRODUCTS_DIR; };
		32D417AF1D3BC4EB00253CF2 /* AppDelegate.swift */ = {isa = PBXFileReference; lastKnownFileType = sourcecode.swift; path = AppDelegate.swift; sourceTree = "<group>"; };
		32D417B11D3BC4EB00253CF2 /* ViewController.swift */ = {isa = PBXFileReference; lastKnownFileType = sourcecode.swift; path = ViewController.swift; sourceTree = "<group>"; };
		32D417B41D3BC4EB00253CF2 /* Base */ = {isa = PBXFileReference; lastKnownFileType = file.storyboard; name = Base; path = Base.lproj/Main.storyboard; sourceTree = "<group>"; };
		32D417B61D3BC4EB00253CF2 /* Assets.xcassets */ = {isa = PBXFileReference; lastKnownFileType = folder.assetcatalog; path = Assets.xcassets; sourceTree = "<group>"; };
		32D417B91D3BC4EB00253CF2 /* Base */ = {isa = PBXFileReference; lastKnownFileType = file.storyboard; name = Base; path = Base.lproj/LaunchScreen.storyboard; sourceTree = "<group>"; };
		32D417BB1D3BC4EB00253CF2 /* Info.plist */ = {isa = PBXFileReference; lastKnownFileType = text.plist.xml; path = Info.plist; sourceTree = "<group>"; };
		32D417C11D3BCD7D00253CF2 /* ViewControllerOptions.swift */ = {isa = PBXFileReference; fileEncoding = 4; lastKnownFileType = sourcecode.swift; path = ViewControllerOptions.swift; sourceTree = "<group>"; };
		32D417C31D3BCD8E00253CF2 /* ViewControllerAbout.swift */ = {isa = PBXFileReference; fileEncoding = 4; lastKnownFileType = sourcecode.swift; path = ViewControllerAbout.swift; sourceTree = "<group>"; };
/* End PBXFileReference section */

/* Begin PBXFrameworksBuildPhase section */
		32D417A91D3BC4EB00253CF2 /* Frameworks */ = {
			isa = PBXFrameworksBuildPhase;
			buildActionMask = 2147483647;
			files = (
			);
			runOnlyForDeploymentPostprocessing = 0;
		};
/* End PBXFrameworksBuildPhase section */

/* Begin PBXGroup section */
		32D417A31D3BC4EB00253CF2 = {
			isa = PBXGroup;
			children = (
				32D417AE1D3BC4EB00253CF2 /* Practice 2.0 */,
				32D417AD1D3BC4EB00253CF2 /* Products */,
			);
			sourceTree = "<group>";
		};
		32D417AD1D3BC4EB00253CF2 /* Products */ = {
			isa = PBXGroup;
			children = (
				32D417AC1D3BC4EB00253CF2 /* Readable Colors.app */,
			);
			name = Products;
			sourceTree = "<group>";
		};
		32D417AE1D3BC4EB00253CF2 /* Practice 2.0 */ = {
			isa = PBXGroup;
			children = (
				32D417AF1D3BC4EB00253CF2 /* AppDelegate.swift */,
				32D417B11D3BC4EB00253CF2 /* ViewController.swift */,
				32D417B31D3BC4EB00253CF2 /* Main.storyboard */,
				32D417B61D3BC4EB00253CF2 /* Assets.xcassets */,
				32D417B81D3BC4EB00253CF2 /* LaunchScreen.storyboard */,
				32D417BB1D3BC4EB00253CF2 /* Info.plist */,
				32D417C11D3BCD7D00253CF2 /* ViewControllerOptions.swift */,
				32D417C31D3BCD8E00253CF2 /* ViewControllerAbout.swift */,
				3211222F1D3E70A10096407B /* ReadableColors.swift */,
			);
			path = "Practice 2.0";
			sourceTree = "<group>";
		};
/* End PBXGroup section */

/* Begin PBXNativeTarget section */
		32D417AB1D3BC4EB00253CF2 /* Readable Colors */ = {
			isa = PBXNativeTarget;
			buildConfigurationList = 32D417BE1D3BC4EB00253CF2 /* Build configuration list for PBXNativeTarget "Readable Colors" */;
			buildPhases = (
				32D417A81D3BC4EB00253CF2 /* Sources */,
				32D417A91D3BC4EB00253CF2 /* Frameworks */,
				32D417AA1D3BC4EB00253CF2 /* Resources */,
			);
			buildRules = (
			);
			dependencies = (
			);
			name = "Readable Colors";
			productName = "Practice 2.0";
			productReference = 32D417AC1D3BC4EB00253CF2 /* Readable Colors.app */;
			productType = "com.apple.product-type.application";
		};
/* End PBXNativeTarget section */

/* Begin PBXProject section */
		32D417A41D3BC4EB00253CF2 /* Project object */ = {
			isa = PBXProject;
			attributes = {
				LastSwiftUpdateCheck = 0730;
				LastUpgradeCheck = 0820;
				ORGANIZATIONNAME = "Michael Dziuba";
				TargetAttributes = {
					32D417AB1D3BC4EB00253CF2 = {
						CreatedOnToolsVersion = 7.3.1;
						DevelopmentTeam = 32EM7M33QQ;
						LastSwiftMigration = 0820;
					};
				};
			};
			buildConfigurationList = 32D417A71D3BC4EB00253CF2 /* Build configuration list for PBXProject "Readable Colors" */;
			compatibilityVersion = "Xcode 3.2";
			developmentRegion = English;
			hasScannedForEncodings = 0;
			knownRegions = (
				en,
				Base,
			);
			mainGroup = 32D417A31D3BC4EB00253CF2;
			productRefGroup = 32D417AD1D3BC4EB00253CF2 /* Products */;
			projectDirPath = "";
			projectRoot = "";
			targets = (
				32D417AB1D3BC4EB00253CF2 /* Readable Colors */,
			);
		};
/* End PBXProject section */

/* Begin PBXResourcesBuildPhase section */
		32D417AA1D3BC4EB00253CF2 /* Resources */ = {
			isa = PBXResourcesBuildPhase;
			buildActionMask = 2147483647;
			files = (
				32D417BA1D3BC4EB00253CF2 /* LaunchScreen.storyboard in Resources */,
				32D417B71D3BC4EB00253CF2 /* Assets.xcassets in Resources */,
				32D417B51D3BC4EB00253CF2 /* Main.storyboard in Resources */,
			);
			runOnlyForDeploymentPostprocessing = 0;
		};
/* End PBXResourcesBuildPhase section */

/* Begin PBXSourcesBuildPhase section */
		32D417A81D3BC4EB00253CF2 /* Sources */ = {
			isa = PBXSourcesBuildPhase;
			buildActionMask = 2147483647;
			files = (
				32D417C21D3BCD7D00253CF2 /* ViewControllerOptions.swift in Sources */,
				321122301D3E70A10096407B /* ReadableColors.swift in Sources */,
				32D417B21D3BC4EB00253CF2 /* ViewController.swift in Sources */,
				32D417C41D3BCD8E00253CF2 /* ViewControllerAbout.swift in Sources */,
				32D417B01D3BC4EB00253CF2 /* AppDelegate.swift in Sources */,
			);
			runOnlyForDeploymentPostprocessing = 0;
		};
/* End PBXSourcesBuildPhase section */

/* Begin PBXVariantGroup section */
		32D417B31D3BC4EB00253CF2 /* Main.storyboard */ = {
			isa = PBXVariantGroup;
			children = (
				32D417B41D3BC4EB00253CF2 /* Base */,
			);
			name = Main.storyboard;
			sourceTree = "<group>";
		};
		32D417B81D3BC4EB00253CF2 /* LaunchScreen.storyboard */ = {
			isa = PBXVariantGroup;
			children = (
				32D417B91D3BC4EB00253CF2 /* Base */,
			);
			name = LaunchScreen.storyboard;
			sourceTree = "<group>";
		};
/* End PBXVariantGroup section */

/* Begin XCBuildConfiguration section */
		32D417BC1D3BC4EB00253CF2 /* Debug */ = {
			isa = XCBuildConfiguration;
			buildSettings = {
				ALWAYS_SEARCH_USER_PATHS = NO;
				CLANG_ANALYZER_NONNULL = YES;
				CLANG_CXX_LANGUAGE_STANDARD = "gnu++0x";
				CLANG_CXX_LIBRARY = "libc++";
				CLANG_ENABLE_MODULES = YES;
				CLANG_ENABLE_OBJC_ARC = YES;
				CLANG_WARN_BOOL_CONVERSION = YES;
				CLANG_WARN_CONSTANT_CONVERSION = YES;
				CLANG_WARN_DIRECT_OBJC_ISA_USAGE = YES_ERROR;
				CLANG_WARN_EMPTY_BODY = YES;
				CLANG_WARN_ENUM_CONVERSION = YES;
				CLANG_WARN_INFINITE_RECURSION = YES;
				CLANG_WARN_INT_CONVERSION = YES;
				CLANG_WARN_OBJC_ROOT_CLASS = YES_ERROR;
				CLANG_WARN_SUSPICIOUS_MOVE = YES;
				CLANG_WARN_UNREACHABLE_CODE = YES;
				CLANG_WARN__DUPLICATE_METHOD_MATCH = YES;
				"CODE_SIGN_IDENTITY[sdk=iphoneos*]" = "iPhone Developer";
				COPY_PHASE_STRIP = NO;
				DEBUG_INFORMATION_FORMAT = dwarf;
				ENABLE_STRICT_OBJC_MSGSEND = YES;
				ENABLE_TESTABILITY = YES;
				GCC_C_LANGUAGE_STANDARD = gnu99;
				GCC_DYNAMIC_NO_PIC = NO;
				GCC_NO_COMMON_BLOCKS = YES;
				GCC_OPTIMIZATION_LEVEL = 0;
				GCC_PREPROCESSOR_DEFINITIONS = (
					"DEBUG=1",
					"$(inherited)",
				);
				GCC_WARN_64_TO_32_BIT_CONVERSION = YES;
				GCC_WARN_ABOUT_RETURN_TYPE = YES_ERROR;
				GCC_WARN_UNDECLARED_SELECTOR = YES;
				GCC_WARN_UNINITIALIZED_AUTOS = YES_AGGRESSIVE;
				GCC_WARN_UNUSED_FUNCTION = YES;
				GCC_WARN_UNUSED_VARIABLE = YES;
				IPHONEOS_DEPLOYMENT_TARGET = 9.3;
				MTL_ENABLE_DEBUG_INFO = YES;
				ONLY_ACTIVE_ARCH = YES;
				SDKROOT = iphoneos;
				SWIFT_OPTIMIZATION_LEVEL = "-Onone";
				TARGETED_DEVICE_FAMILY = "1,2";
			};
			name = Debug;
		};
		32D417BD1D3BC4EB00253CF2 /* Release */ = {
			isa = XCBuildConfiguration;
			buildSettings = {
				ALWAYS_SEARCH_USER_PATHS = NO;
				CLANG_ANALYZER_NONNULL = YES;
				CLANG_CXX_LANGUAGE_STANDARD = "gnu++0x";
				CLANG_CXX_LIBRARY = "libc++";
				CLANG_ENABLE_MODULES = YES;
				CLANG_ENABLE_OBJC_ARC = YES;
				CLANG_WARN_BOOL_CONVERSION = YES;
				CLANG_WARN_CONSTANT_CONVERSION = YES;
				CLANG_WARN_DIRECT_OBJC_ISA_USAGE = YES_ERROR;
				CLANG_WARN_EMPTY_BODY = YES;
				CLANG_WARN_ENUM_CONVERSION = YES;
				CLANG_WARN_INFINITE_RECURSION = YES;
				CLANG_WARN_INT_CONVERSION = YES;
				CLANG_WARN_OBJC_ROOT_CLASS = YES_ERROR;
				CLANG_WARN_SUSPICIOUS_MOVE = YES;
				CLANG_WARN_UNREACHABLE_CODE = YES;
				CLANG_WARN__DUPLICATE_METHOD_MATCH = YES;
				"CODE_SIGN_IDENTITY[sdk=iphoneos*]" = "iPhone Developer";
				COPY_PHASE_STRIP = NO;
				DEBUG_INFORMATION_FORMAT = "dwarf-with-dsym";
				ENABLE_NS_ASSERTIONS = NO;
				ENABLE_STRICT_OBJC_MSGSEND = YES;
				GCC_C_LANGUAGE_STANDARD = gnu99;
				GCC_NO_COMMON_BLOCKS = YES;
				GCC_WARN_64_TO_32_BIT_CONVERSION = YES;
				GCC_WARN_ABOUT_RETURN_TYPE = YES_ERROR;
				GCC_WARN_UNDECLARED_SELECTOR = YES;
				GCC_WARN_UNINITIALIZED_AUTOS = YES_AGGRESSIVE;
				GCC_WARN_UNUSED_FUNCTION = YES;
				GCC_WARN_UNUSED_VARIABLE = YES;
				IPHONEOS_DEPLOYMENT_TARGET = 9.3;
				MTL_ENABLE_DEBUG_INFO = NO;
				SDKROOT = iphoneos;
				SWIFT_OPTIMIZATION_LEVEL = "-Owholemodule";
				TARGETED_DEVICE_FAMILY = "1,2";
				VALIDATE_PRODUCT = YES;
			};
			name = Release;
		};
		32D417BF1D3BC4EB00253CF2 /* Debug */ = {
			isa = XCBuildConfiguration;
			buildSettings = {
				ASSETCATALOG_COMPILER_APPICON_NAME = AppIcon;
				INFOPLIST_FILE = "Practice 2.0/Info.plist";
				LD_RUNPATH_SEARCH_PATHS = "$(inherited) @executable_path/Frameworks";
				PRODUCT_BUNDLE_IDENTIFIER = "com.stclair.practice.mdziuba.Practice-2-0";
				PRODUCT_NAME = "Readable Colors";
				SWIFT_VERSION = 3.0;
			};
			name = Debug;
		};
		32D417C01D3BC4EB00253CF2 /* Release */ = {
			isa = XCBuildConfiguration;
			buildSettings = {
				ASSETCATALOG_COMPILER_APPICON_NAME = AppIcon;
				INFOPLIST_FILE = "Practice 2.0/Info.plist";
				LD_RUNPATH_SEARCH_PATHS = "$(inherited) @executable_path/Frameworks";
				PRODUCT_BUNDLE_IDENTIFIER = "com.stclair.practice.mdziuba.Practice-2-0";
				PRODUCT_NAME = "Readable Colors";
				SWIFT_VERSION = 3.0;
			};
			name = Release;
		};
/* End XCBuildConfiguration section */

/* Begin XCConfigurationList section */
		32D417A71D3BC4EB00253CF2 /* Build configuration list for PBXProject "Readable Colors" */ = {
			isa = XCConfigurationList;
			buildConfigurations = (
				32D417BC1D3BC4EB00253CF2 /* Debug */,
				32D417BD1D3BC4EB00253CF2 /* Release */,
			);
			defaultConfigurationIsVisible = 0;
			defaultConfigurationName = Release;
		};
		32D417BE1D3BC4EB00253CF2 /* Build configuration list for PBXNativeTarget "Readable Colors" */ = {
			isa = XCConfigurationList;
			buildConfigurations = (
				32D417BF1D3BC4EB00253CF2 /* Debug */,
				32D417C01D3BC4EB00253CF2 /* Release */,
			);
			defaultConfigurationIsVisible = 0;
			defaultConfigurationName = Release;
		};
/* End XCConfigurationList section */
	};
	rootObject = 32D417A41D3BC4EB00253CF2 /* Project object */;
}
